
Microsoft Visual Studio Solution File, Format Version 12.00
# Visual Studio Version 17
VisualStudioVersion = 17.5.002.0
MinimumVisualStudioVersion = 10.0.40219.1
Project("{9A19103F-16F7-4668-BE54-9A1E7A4F7556}") = "ToDoApp", "ToDoApp.csproj", "{972309DE-9201-4268-AD83-81A0FA406B12}"
EndProject
Global
	GlobalSection(SolutionConfigurationPlatforms) = preSolution
		Debug|Any CPU = Debug|Any CPU
		Release|Any CPU = Release|Any CPU
	EndGlobalSection
	GlobalSection(ProjectConfigurationPlatforms) = postSolution
		{972309DE-9201-4268-AD83-81A0FA406B12}.Debug|Any CPU.ActiveCfg = Debug|Any CPU
		{972309DE-9201-4268-AD83-81A0FA406B12}.Debug|Any CPU.Build.0 = Debug|Any CPU
		{972309DE-9201-4268-AD83-81A0FA406B12}.Release|Any CPU.ActiveCfg = Release|Any CPU
		{972309DE-9201-4268-AD83-81A0FA406B12}.Release|Any CPU.Build.0 = Release|Any CPU
	EndGlobalSection
	GlobalSection(SolutionProperties) = preSolution
		HideSolutionNode = FALSE
	EndGlobalSection
	GlobalSection(ExtensibilityGlobals) = postSolution
		SolutionGuid = {457AE4F5-E81E-43D8-B79C-178F0C9A55D1}
	EndGlobalSection
EndGlobal
